---
dependencies:
  codeql/go-all:
    version: 0.7.7
  codeql/dataflow:
    version: 0.1.7
  codeql/ssa:
    version: 0.2.7
  codeql/util:
    version: 0.2.7
  codeql/typetracking:
    version: 0.2.7
  codeql/mad:
    version: 0.2.7
  codeql/tutorial:
    version: 0.2.7
compiled: false
lockVersion: 1.0.0
